
Microsoft Visual Studio Solution File, Format Version 12.00
# Visual Studio Version 16
VisualStudioVersion = 16.0.30523.141
MinimumVisualStudioVersion = 10.0.40219.1
Project("{9A19103F-16F7-4668-BE54-9A1E7A4F7556}") = "Antique Shop", "Antique Shop\Antique Shop.csproj", "{1C6ACA2E-0B40-4FD7-AE20-0F90D8683767}"
EndProject
Global
	GlobalSection(SolutionConfigurationPlatforms) = preSolution
		Debug|Any CPU = Debug|Any CPU
		Release|Any CPU = Release|Any CPU
	EndGlobalSection
	GlobalSection(ProjectConfigurationPlatforms) = postSolution
		{1C6ACA2E-0B40-4FD7-AE20-0F90D8683767}.Debug|Any CPU.ActiveCfg = Debug|Any CPU
		{1C6ACA2E-0B40-4FD7-AE20-0F90D8683767}.Debug|Any CPU.Build.0 = Debug|Any CPU
		{1C6ACA2E-0B40-4FD7-AE20-0F90D8683767}.Release|Any CPU.ActiveCfg = Release|Any CPU
		{1C6ACA2E-0B40-4FD7-AE20-0F90D8683767}.Release|Any CPU.Build.0 = Release|Any CPU
	EndGlobalSection
	GlobalSection(SolutionProperties) = preSolution
		HideSolutionNode = FALSE
	EndGlobalSection
	GlobalSection(ExtensibilityGlobals) = postSolution
		SolutionGuid = {99CB6ACC-7A98-4242-9779-B756F5043693}
	EndGlobalSection
EndGlobal
